
Microsoft Visual Studio Solution File, Format Version 12.00
# Visual Studio Version 16
VisualStudioVersion = 16.0.30907.101
MinimumVisualStudioVersion = 10.0.40219.1
Project("{FAE04EC0-301F-11D3-BF4B-00C04F79EFBC}") = "SwaggerDoc", "SwaggerDoc.csproj", "{1B1F77DC-6B86-4417-ACBB-7D1C66A8F855}"
EndProject
Global
	GlobalSection(SolutionConfigurationPlatforms) = preSolution
		Debug|Any CPU = Debug|Any CPU
		Release|Any CPU = Release|Any CPU
	EndGlobalSection
	GlobalSection(ProjectConfigurationPlatforms) = postSolution
		{1B1F77DC-6B86-4417-ACBB-7D1C66A8F855}.Debug|Any CPU.ActiveCfg = Debug|Any CPU
		{1B1F77DC-6B86-4417-ACBB-7D1C66A8F855}.Debug|Any CPU.Build.0 = Debug|Any CPU
		{1B1F77DC-6B86-4417-ACBB-7D1C66A8F855}.Release|Any CPU.ActiveCfg = Release|Any CPU
		{1B1F77DC-6B86-4417-ACBB-7D1C66A8F855}.Release|Any CPU.Build.0 = Release|Any CPU
	EndGlobalSection
	GlobalSection(SolutionProperties) = preSolution
		HideSolutionNode = FALSE
	EndGlobalSection
	GlobalSection(ExtensibilityGlobals) = postSolution
		SolutionGuid = {6F426421-784C-4FFB-99A8-6940779C8472}
	EndGlobalSection
EndGlobal
